
Microsoft Visual Studio Solution File, Format Version 12.00
# Visual Studio Version 16
VisualStudioVersion = 16.0.810.21
MinimumVisualStudioVersion = 10.0.40219.1
Project("{FAE04EC0-301F-11D3-BF4B-00C04F79EFBC}") = "cars", "cars\cars.csproj", "{29FDC7F7-0DAD-4E79-9228-2DE4FA38503B}"
EndProject
Global
	GlobalSection(SolutionConfigurationPlatforms) = preSolution
		Debug|Any CPU = Debug|Any CPU
		Release|Any CPU = Release|Any CPU
	EndGlobalSection
	GlobalSection(ProjectConfigurationPlatforms) = postSolution
		{29FDC7F7-0DAD-4E79-9228-2DE4FA38503B}.Debug|Any CPU.ActiveCfg = Debug|Any CPU
		{29FDC7F7-0DAD-4E79-9228-2DE4FA38503B}.Debug|Any CPU.Build.0 = Debug|Any CPU
		{29FDC7F7-0DAD-4E79-9228-2DE4FA38503B}.Release|Any CPU.ActiveCfg = Release|Any CPU
		{29FDC7F7-0DAD-4E79-9228-2DE4FA38503B}.Release|Any CPU.Build.0 = Release|Any CPU
	EndGlobalSection
	GlobalSection(SolutionProperties) = preSolution
		HideSolutionNode = FALSE
	EndGlobalSection
	GlobalSection(ExtensibilityGlobals) = postSolution
		SolutionGuid = {89E5DF9B-D61E-40A1-8087-A159885CC0A9}
	EndGlobalSection
EndGlobal
